
Microsoft Visual Studio Solution File, Format Version 12.00
# Visual Studio Version 17
VisualStudioVersion = 17.0.32014.148
MinimumVisualStudioVersion = 10.0.40219.1
Project("{8BC9CEB8-8B4A-11D0-8D11-00A0C91BC942}") = "TSP branch and bound", "TSP branch and bound\TSP branch and bound.vcxproj", "{0EF77B91-2080-4A0C-8865-9776E5F4E4FA}"
EndProject
Project("{FAE04EC0-301F-11D3-BF4B-00C04F79EFBC}") = "WpfApp1", "WpfApp1\WpfApp1.csproj", "{E21838BD-1D37-45AD-8DEB-F79E7B6F3286}"
EndProject
Global
	GlobalSection(SolutionConfigurationPlatforms) = preSolution
		Debug|Any CPU = Debug|Any CPU
		Debug|x64 = Debug|x64
		Debug|x86 = Debug|x86
		Release|Any CPU = Release|Any CPU
		Release|x64 = Release|x64
		Release|x86 = Release|x86
	EndGlobalSection
	GlobalSection(ProjectConfigurationPlatforms) = postSolution
		{0EF77B91-2080-4A0C-8865-9776E5F4E4FA}.Debug|Any CPU.ActiveCfg = Debug|x64
		{0EF77B91-2080-4A0C-8865-9776E5F4E4FA}.Debug|Any CPU.Build.0 = Debug|x64
		{0EF77B91-2080-4A0C-8865-9776E5F4E4FA}.Debug|x64.ActiveCfg = Debug|x64
		{0EF77B91-2080-4A0C-8865-9776E5F4E4FA}.Debug|x64.Build.0 = Debug|x64
		{0EF77B91-2080-4A0C-8865-9776E5F4E4FA}.Debug|x86.ActiveCfg = Debug|Win32
		{0EF77B91-2080-4A0C-8865-9776E5F4E4FA}.Debug|x86.Build.0 = Debug|Win32
		{0EF77B91-2080-4A0C-8865-9776E5F4E4FA}.Release|Any CPU.ActiveCfg = Release|x64
		{0EF77B91-2080-4A0C-8865-9776E5F4E4FA}.Release|Any CPU.Build.0 = Release|x64
		{0EF77B91-2080-4A0C-8865-9776E5F4E4FA}.Release|x64.ActiveCfg = Release|x64
		{0EF77B91-2080-4A0C-8865-9776E5F4E4FA}.Release|x64.Build.0 = Release|x64
		{0EF77B91-2080-4A0C-8865-9776E5F4E4FA}.Release|x86.ActiveCfg = Release|Win32
		{0EF77B91-2080-4A0C-8865-9776E5F4E4FA}.Release|x86.Build.0 = Release|Win32
		{E21838BD-1D37-45AD-8DEB-F79E7B6F3286}.Debug|Any CPU.ActiveCfg = Debug|Any CPU
		{E21838BD-1D37-45AD-8DEB-F79E7B6F3286}.Debug|Any CPU.Build.0 = Debug|Any CPU
		{E21838BD-1D37-45AD-8DEB-F79E7B6F3286}.Debug|x64.ActiveCfg = Debug|Any CPU
		{E21838BD-1D37-45AD-8DEB-F79E7B6F3286}.Debug|x64.Build.0 = Debug|Any CPU
		{E21838BD-1D37-45AD-8DEB-F79E7B6F3286}.Debug|x86.ActiveCfg = Debug|Any CPU
		{E21838BD-1D37-45AD-8DEB-F79E7B6F3286}.Debug|x86.Build.0 = Debug|Any CPU
		{E21838BD-1D37-45AD-8DEB-F79E7B6F3286}.Release|Any CPU.ActiveCfg = Release|Any CPU
		{E21838BD-1D37-45AD-8DEB-F79E7B6F3286}.Release|Any CPU.Build.0 = Release|Any CPU
		{E21838BD-1D37-45AD-8DEB-F79E7B6F3286}.Release|x64.ActiveCfg = Release|Any CPU
		{E21838BD-1D37-45AD-8DEB-F79E7B6F3286}.Release|x64.Build.0 = Release|Any CPU
		{E21838BD-1D37-45AD-8DEB-F79E7B6F3286}.Release|x86.ActiveCfg = Release|Any CPU
		{E21838BD-1D37-45AD-8DEB-F79E7B6F3286}.Release|x86.Build.0 = Release|Any CPU
	EndGlobalSection
	GlobalSection(SolutionProperties) = preSolution
		HideSolutionNode = FALSE
	EndGlobalSection
	GlobalSection(ExtensibilityGlobals) = postSolution
		SolutionGuid = {A97AD011-99D5-4981-8B44-ACB88D327E7C}
	EndGlobalSection
EndGlobal
